// !$*UTF8*$!
{
	archiveVersion = 1;
	classes = {
	};
	objectVersion = 46;
	objects = {

/* Begin PBXBuildFile section */
		CC48994D20567ED200BE5002 /* XYProgressHUD.bundle in Resources */ = {isa = PBXBuildFile; fileRef = CC48994620567ED200BE5002 /* XYProgressHUD.bundle */; };
		CC48994E20567ED200BE5002 /* UIView+XYHUDOperation.m in Sources */ = {isa = PBXBuildFile; fileRef = CC48994820567ED200BE5002 /* UIView+XYHUDOperation.m */; };
		CC48994F20567ED200BE5002 /* XYIndefiniteAnimatedImageView.m in Sources */ = {isa = PBXBuildFile; fileRef = CC48994A20567ED200BE5002 /* XYIndefiniteAnimatedImageView.m */; };
		CC48995020567ED200BE5002 /* XYProgressHUD.m in Sources */ = {isa = PBXBuildFile; fileRef = CC48994C20567ED200BE5002 /* XYProgressHUD.m */; };
		CCA647111ECE915500B8F602 /* main.m in Sources */ = {isa = PBXBuildFile; fileRef = CCA647101ECE915500B8F602 /* main.m */; };
		CCA647141ECE915500B8F602 /* AppDelegate.m in Sources */ = {isa = PBXBuildFile; fileRef = CCA647131ECE915500B8F602 /* AppDelegate.m */; };
		CCA6471C1ECE915500B8F602 /* Assets.xcassets in Resources */ = {isa = PBXBuildFile; fileRef = CCA6471B1ECE915500B8F602 /* Assets.xcassets */; };
		CCA6471F1ECE915500B8F602 /* LaunchScreen.storyboard in Resources */ = {isa = PBXBuildFile; fileRef = CCA6471D1ECE915500B8F602 /* LaunchScreen.storyboard */; };
		CCA6473E1ECE98B700B8F602 /* ViewController.m in Sources */ = {isa = PBXBuildFile; fileRef = CCA6473A1ECE98B700B8F602 /* ViewController.m */; };
		CCA6473F1ECE98B700B8F602 /* ViewController.xib in Resources */ = {isa = PBXBuildFile; fileRef = CCA6473B1ECE98B700B8F602 /* ViewController.xib */; };
		CCA647431ECE9ABA00B8F602 /* ViewCell.m in Sources */ = {isa = PBXBuildFile; fileRef = CCA647411ECE9ABA00B8F602 /* ViewCell.m */; };
		CCA647441ECE9ABA00B8F602 /* ViewCell.xib in Resources */ = {isa = PBXBuildFile; fileRef = CCA647421ECE9ABA00B8F602 /* ViewCell.xib */; };
		CCA647481ECE9B3E00B8F602 /* HeaderView.m in Sources */ = {isa = PBXBuildFile; fileRef = CCA647461ECE9B3E00B8F602 /* HeaderView.m */; };
		CCA647491ECE9B3E00B8F602 /* HeaderView.xib in Resources */ = {isa = PBXBuildFile; fileRef = CCA647471ECE9B3E00B8F602 /* HeaderView.xib */; };
		CCA6474E1ECEA33400B8F602 /* UIColor+HexColor.m in Sources */ = {isa = PBXBuildFile; fileRef = CCA6474D1ECEA33400B8F602 /* UIColor+HexColor.m */; };
/* End PBXBuildFile section */

/* Begin PBXFileReference section */
		CC48994620567ED200BE5002 /* XYProgressHUD.bundle */ = {isa = PBXFileReference; lastKnownFileType = "wrapper.plug-in"; path = XYProgressHUD.bundle; sourceTree = "<group>"; };
		CC48994720567ED200BE5002 /* UIView+XYHUDOperation.h */ = {isa = PBXFileReference; fileEncoding = 4; lastKnownFileType = sourcecode.c.h; path = "UIView+XYHUDOperation.h"; sourceTree = "<group>"; };
		CC48994820567ED200BE5002 /* UIView+XYHUDOperation.m */ = {isa = PBXFileReference; fileEncoding = 4; lastKnownFileType = sourcecode.c.objc; path = "UIView+XYHUDOperation.m"; sourceTree = "<group>"; };
		CC48994920567ED200BE5002 /* XYIndefiniteAnimatedImageView.h */ = {isa = PBXFileReference; fileEncoding = 4; lastKnownFileType = sourcecode.c.h; path = XYIndefiniteAnimatedImageView.h; sourceTree = "<group>"; };
		CC48994A20567ED200BE5002 /* XYIndefiniteAnimatedImageView.m */ = {isa = PBXFileReference; fileEncoding = 4; lastKnownFileType = sourcecode.c.objc; path = XYIndefiniteAnimatedImageView.m; sourceTree = "<group>"; };
		CC48994B20567ED200BE5002 /* XYProgressHUD.h */ = {isa = PBXFileReference; fileEncoding = 4; lastKnownFileType = sourcecode.c.h; path = XYProgressHUD.h; sourceTree = "<group>"; };
		CC48994C20567ED200BE5002 /* XYProgressHUD.m */ = {isa = PBXFileReference; fileEncoding = 4; lastKnownFileType = sourcecode.c.objc; path = XYProgressHUD.m; sourceTree = "<group>"; };
		CCA6470C1ECE915500B8F602 /* XYProgressHUD.app */ = {isa = PBXFileReference; explicitFileType = wrapper.application; includeInIndex = 0; path = XYProgressHUD.app; sourceTree = BUILT_PRODUCTS_DIR; };
		CCA647101ECE915500B8F602 /* main.m */ = {isa = PBXFileReference; lastKnownFileType = sourcecode.c.objc; path = main.m; sourceTree = "<group>"; };
		CCA647121ECE915500B8F602 /* AppDelegate.h */ = {isa = PBXFileReference; lastKnownFileType = sourcecode.c.h; path = AppDelegate.h; sourceTree = "<group>"; };
		CCA647131ECE915500B8F602 /* AppDelegate.m */ = {isa = PBXFileReference; lastKnownFileType = sourcecode.c.objc; path = AppDelegate.m; sourceTree = "<group>"; };
		CCA6471B1ECE915500B8F602 /* Assets.xcassets */ = {isa = PBXFileReference; lastKnownFileType = folder.assetcatalog; path = Assets.xcassets; sourceTree = "<group>"; };
		CCA6471E1ECE915500B8F602 /* Base */ = {isa = PBXFileReference; lastKnownFileType = file.storyboard; name = Base; path = Base.lproj/LaunchScreen.storyboard; sourceTree = "<group>"; };
		CCA647201ECE915500B8F602 /* Info.plist */ = {isa = PBXFileReference; lastKnownFileType = text.plist.xml; path = Info.plist; sourceTree = "<group>"; };
		CCA647391ECE98B700B8F602 /* ViewController.h */ = {isa = PBXFileReference; fileEncoding = 4; lastKnownFileType = sourcecode.c.h; path = ViewController.h; sourceTree = "<group>"; };
		CCA6473A1ECE98B700B8F602 /* ViewController.m */ = {isa = PBXFileReference; fileEncoding = 4; lastKnownFileType = sourcecode.c.objc; path = ViewController.m; sourceTree = "<group>"; };
		CCA6473B1ECE98B700B8F602 /* ViewController.xib */ = {isa = PBXFileReference; fileEncoding = 4; lastKnownFileType = file.xib; path = ViewController.xib; sourceTree = "<group>"; };
		CCA647401ECE9ABA00B8F602 /* ViewCell.h */ = {isa = PBXFileReference; fileEncoding = 4; lastKnownFileType = sourcecode.c.h; path = ViewCell.h; sourceTree = "<group>"; };
		CCA647411ECE9ABA00B8F602 /* ViewCell.m */ = {isa = PBXFileReference; fileEncoding = 4; lastKnownFileType = sourcecode.c.objc; path = ViewCell.m; sourceTree = "<group>"; };
		CCA647421ECE9ABA00B8F602 /* ViewCell.xib */ = {isa = PBXFileReference; fileEncoding = 4; lastKnownFileType = file.xib; path = ViewCell.xib; sourceTree = "<group>"; };
		CCA647451ECE9B3E00B8F602 /* HeaderView.h */ = {isa = PBXFileReference; fileEncoding = 4; lastKnownFileType = sourcecode.c.h; path = HeaderView.h; sourceTree = "<group>"; };
		CCA647461ECE9B3E00B8F602 /* HeaderView.m */ = {isa = PBXFileReference; fileEncoding = 4; lastKnownFileType = sourcecode.c.objc; path = HeaderView.m; sourceTree = "<group>"; };
		CCA647471ECE9B3E00B8F602 /* HeaderView.xib */ = {isa = PBXFileReference; fileEncoding = 4; lastKnownFileType = file.xib; path = HeaderView.xib; sourceTree = "<group>"; };
		CCA6474A1ECEA28F00B8F602 /* XYProgressHUD-Prefix.pch */ = {isa = PBXFileReference; fileEncoding = 4; lastKnownFileType = sourcecode.c.h; path = "XYProgressHUD-Prefix.pch"; sourceTree = "<group>"; };
		CCA6474B1ECEA2AA00B8F602 /* Common.h */ = {isa = PBXFileReference; lastKnownFileType = sourcecode.c.h; path = Common.h; sourceTree = "<group>"; };
		CCA6474C1ECEA33400B8F602 /* UIColor+HexColor.h */ = {isa = PBXFileReference; fileEncoding = 4; lastKnownFileType = sourcecode.c.h; path = "UIColor+HexColor.h"; sourceTree = "<group>"; };
		CCA6474D1ECEA33400B8F602 /* UIColor+HexColor.m */ = {isa = PBXFileReference; fileEncoding = 4; lastKnownFileType = sourcecode.c.objc; path = "UIColor+HexColor.m"; sourceTree = "<group>"; };
/* End PBXFileReference section */

/* Begin PBXFrameworksBuildPhase section */
		CCA647091ECE915500B8F602 /* Frameworks */ = {
			isa = PBXFrameworksBuildPhase;
			buildActionMask = 2147483647;
			files = (
			);
			runOnlyForDeploymentPostprocessing = 0;
		};
/* End PBXFrameworksBuildPhase section */

/* Begin PBXGroup section */
		CC48994420567ED200BE5002 /* XYProgressHUD */ = {
			isa = PBXGroup;
			children = (
				CC48994520567ED200BE5002 /* Resources */,
				CC48994720567ED200BE5002 /* UIView+XYHUDOperation.h */,
				CC48994820567ED200BE5002 /* UIView+XYHUDOperation.m */,
				CC48994920567ED200BE5002 /* XYIndefiniteAnimatedImageView.h */,
				CC48994A20567ED200BE5002 /* XYIndefiniteAnimatedImageView.m */,
				CC48994B20567ED200BE5002 /* XYProgressHUD.h */,
				CC48994C20567ED200BE5002 /* XYProgressHUD.m */,
			);
			name = XYProgressHUD;
			path = ../../XYProgressHUD;
			sourceTree = "<group>";
		};
		CC48994520567ED200BE5002 /* Resources */ = {
			isa = PBXGroup;
			children = (
				CC48994620567ED200BE5002 /* XYProgressHUD.bundle */,
			);
			path = Resources;
			sourceTree = "<group>";
		};
		CCA647031ECE915500B8F602 = {
			isa = PBXGroup;
			children = (
				CCA6470E1ECE915500B8F602 /* XYProgressHUD */,
				CCA6470D1ECE915500B8F602 /* Products */,
			);
			sourceTree = "<group>";
		};
		CCA6470D1ECE915500B8F602 /* Products */ = {
			isa = PBXGroup;
			children = (
				CCA6470C1ECE915500B8F602 /* XYProgressHUD.app */,
			);
			name = Products;
			sourceTree = "<group>";
		};
		CCA6470E1ECE915500B8F602 /* XYProgressHUD */ = {
			isa = PBXGroup;
			children = (
				CC48994420567ED200BE5002 /* XYProgressHUD */,
				CCA647121ECE915500B8F602 /* AppDelegate.h */,
				CCA647131ECE915500B8F602 /* AppDelegate.m */,
				CCA647381ECE98B700B8F602 /* Controller */,
				CCA6473D1ECE98B700B8F602 /* View */,
				CCA6471B1ECE915500B8F602 /* Assets.xcassets */,
				CCA6471D1ECE915500B8F602 /* LaunchScreen.storyboard */,
				CCA647201ECE915500B8F602 /* Info.plist */,
				CCA6470F1ECE915500B8F602 /* Supporting Files */,
			);
			path = XYProgressHUD;
			sourceTree = "<group>";
		};
		CCA6470F1ECE915500B8F602 /* Supporting Files */ = {
			isa = PBXGroup;
			children = (
				CCA6474C1ECEA33400B8F602 /* UIColor+HexColor.h */,
				CCA6474D1ECEA33400B8F602 /* UIColor+HexColor.m */,
				CCA6474A1ECEA28F00B8F602 /* XYProgressHUD-Prefix.pch */,
				CCA6474B1ECEA2AA00B8F602 /* Common.h */,
				CCA647101ECE915500B8F602 /* main.m */,
			);
			name = "Supporting Files";
			sourceTree = "<group>";
		};
		CCA647381ECE98B700B8F602 /* Controller */ = {
			isa = PBXGroup;
			children = (
				CCA647391ECE98B700B8F602 /* ViewController.h */,
				CCA6473A1ECE98B700B8F602 /* ViewController.m */,
				CCA6473B1ECE98B700B8F602 /* ViewController.xib */,
			);
			path = Controller;
			sourceTree = "<group>";
		};
		CCA6473D1ECE98B700B8F602 /* View */ = {
			isa = PBXGroup;
			children = (
				CCA647401ECE9ABA00B8F602 /* ViewCell.h */,
				CCA647411ECE9ABA00B8F602 /* ViewCell.m */,
				CCA647421ECE9ABA00B8F602 /* ViewCell.xib */,
				CCA647451ECE9B3E00B8F602 /* HeaderView.h */,
				CCA647461ECE9B3E00B8F602 /* HeaderView.m */,
				CCA647471ECE9B3E00B8F602 /* HeaderView.xib */,
			);
			path = View;
			sourceTree = "<group>";
		};
/* End PBXGroup section */

/* Begin PBXNativeTarget section */
		CCA6470B1ECE915500B8F602 /* XYProgressHUD */ = {
			isa = PBXNativeTarget;
			buildConfigurationList = CCA647231ECE915500B8F602 /* Build configuration list for PBXNativeTarget "XYProgressHUD" */;
			buildPhases = (
				CCA647081ECE915500B8F602 /* Sources */,
				CCA647091ECE915500B8F602 /* Frameworks */,
				CCA6470A1ECE915500B8F602 /* Resources */,
			);
			buildRules = (
			);
			dependencies = (
			);
			name = XYProgressHUD;
			productName = XYProgressHUD;
			productReference = CCA6470C1ECE915500B8F602 /* XYProgressHUD.app */;
			productType = "com.apple.product-type.application";
		};
/* End PBXNativeTarget section */

/* Begin PBXProject section */
		CCA647041ECE915500B8F602 /* Project object */ = {
			isa = PBXProject;
			attributes = {
				LastUpgradeCheck = 0830;
				ORGANIZATIONNAME = wuw;
				TargetAttributes = {
					CCA6470B1ECE915500B8F602 = {
						CreatedOnToolsVersion = 8.3.2;
						DevelopmentTeam = 266655SB8D;
						ProvisioningStyle = Automatic;
					};
				};
			};
			buildConfigurationList = CCA647071ECE915500B8F602 /* Build configuration list for PBXProject "XYProgressHUD" */;
			compatibilityVersion = "Xcode 3.2";
			developmentRegion = English;
			hasScannedForEncodings = 0;
			knownRegions = (
				en,
				Base,
			);
			mainGroup = CCA647031ECE915500B8F602;
			productRefGroup = CCA6470D1ECE915500B8F602 /* Products */;
			projectDirPath = "";
			projectRoot = "";
			targets = (
				CCA6470B1ECE915500B8F602 /* XYProgressHUD */,
			);
		};
/* End PBXProject section */

/* Begin PBXResourcesBuildPhase section */
		CCA6470A1ECE915500B8F602 /* Resources */ = {
			isa = PBXResourcesBuildPhase;
			buildActionMask = 2147483647;
			files = (
				CCA6471F1ECE915500B8F602 /* LaunchScreen.storyboard in Resources */,
				CCA6471C1ECE915500B8F602 /* Assets.xcassets in Resources */,
				CCA6473F1ECE98B700B8F602 /* ViewController.xib in Resources */,
				CC48994D20567ED200BE5002 /* XYProgressHUD.bundle in Resources */,
				CCA647491ECE9B3E00B8F602 /* HeaderView.xib in Resources */,
				CCA647441ECE9ABA00B8F602 /* ViewCell.xib in Resources */,
			);
			runOnlyForDeploymentPostprocessing = 0;
		};
/* End PBXResourcesBuildPhase section */

/* Begin PBXSourcesBuildPhase section */
		CCA647081ECE915500B8F602 /* Sources */ = {
			isa = PBXSourcesBuildPhase;
			buildActionMask = 2147483647;
			files = (
				CCA6473E1ECE98B700B8F602 /* ViewController.m in Sources */,
				CC48995020567ED200BE5002 /* XYProgressHUD.m in Sources */,
				CCA647481ECE9B3E00B8F602 /* HeaderView.m in Sources */,
				CCA6474E1ECEA33400B8F602 /* UIColor+HexColor.m in Sources */,
				CC48994F20567ED200BE5002 /* XYIndefiniteAnimatedImageView.m in Sources */,
				CCA647431ECE9ABA00B8F602 /* ViewCell.m in Sources */,
				CCA647141ECE915500B8F602 /* AppDelegate.m in Sources */,
				CCA647111ECE915500B8F602 /* main.m in Sources */,
				CC48994E20567ED200BE5002 /* UIView+XYHUDOperation.m in Sources */,
			);
			runOnlyForDeploymentPostprocessing = 0;
		};
/* End PBXSourcesBuildPhase section */

/* Begin PBXVariantGroup section */
		CCA6471D1ECE915500B8F602 /* LaunchScreen.storyboard */ = {
			isa = PBXVariantGroup;
			children = (
				CCA6471E1ECE915500B8F602 /* Base */,
			);
			name = LaunchScreen.storyboard;
			sourceTree = "<group>";
		};
/* End PBXVariantGroup section */

/* Begin XCBuildConfiguration section */
		CCA647211ECE915500B8F602 /* Debug */ = {
			isa = XCBuildConfiguration;
			buildSettings = {
				ALWAYS_SEARCH_USER_PATHS = NO;
				CLANG_ANALYZER_NONNULL = YES;
				CLANG_ANALYZER_NUMBER_OBJECT_CONVERSION = YES_AGGRESSIVE;
				CLANG_CXX_LANGUAGE_STANDARD = "gnu++0x";
				CLANG_CXX_LIBRARY = "libc++";
				CLANG_ENABLE_MODULES = YES;
				CLANG_ENABLE_OBJC_ARC = YES;
				CLANG_WARN_BOOL_CONVERSION = YES;
				CLANG_WARN_CONSTANT_CONVERSION = YES;
				CLANG_WARN_DIRECT_OBJC_ISA_USAGE = YES_ERROR;
				CLANG_WARN_DOCUMENTATION_COMMENTS = YES;
				CLANG_WARN_EMPTY_BODY = YES;
				CLANG_WARN_ENUM_CONVERSION = YES;
				CLANG_WARN_INFINITE_RECURSION = YES;
				CLANG_WARN_INT_CONVERSION = YES;
				CLANG_WARN_OBJC_ROOT_CLASS = YES_ERROR;
				CLANG_WARN_SUSPICIOUS_MOVE = YES;
				CLANG_WARN_UNREACHABLE_CODE = YES;
				CLANG_WARN__DUPLICATE_METHOD_MATCH = YES;
				"CODE_SIGN_IDENTITY[sdk=iphoneos*]" = "iPhone Developer";
				COPY_PHASE_STRIP = NO;
				DEBUG_INFORMATION_FORMAT = dwarf;
				ENABLE_STRICT_OBJC_MSGSEND = YES;
				ENABLE_TESTABILITY = YES;
				GCC_C_LANGUAGE_STANDARD = gnu99;
				GCC_DYNAMIC_NO_PIC = NO;
				GCC_NO_COMMON_BLOCKS = YES;
				GCC_OPTIMIZATION_LEVEL = 0;
				GCC_PREPROCESSOR_DEFINITIONS = (
					"DEBUG=1",
					"$(inherited)",
				);
				GCC_WARN_64_TO_32_BIT_CONVERSION = YES;
				GCC_WARN_ABOUT_RETURN_TYPE = YES_ERROR;
				GCC_WARN_UNDECLARED_SELECTOR = YES;
				GCC_WARN_UNINITIALIZED_AUTOS = YES_AGGRESSIVE;
				GCC_WARN_UNUSED_FUNCTION = YES;
				GCC_WARN_UNUSED_VARIABLE = YES;
				IPHONEOS_DEPLOYMENT_TARGET = 10.3;
				MTL_ENABLE_DEBUG_INFO = YES;
				ONLY_ACTIVE_ARCH = YES;
				SDKROOT = iphoneos;
			};
			name = Debug;
		};
		CCA647221ECE915500B8F602 /* Release */ = {
			isa = XCBuildConfiguration;
			buildSettings = {
				ALWAYS_SEARCH_USER_PATHS = NO;
				CLANG_ANALYZER_NONNULL = YES;
				CLANG_ANALYZER_NUMBER_OBJECT_CONVERSION = YES_AGGRESSIVE;
				CLANG_CXX_LANGUAGE_STANDARD = "gnu++0x";
				CLANG_CXX_LIBRARY = "libc++";
				CLANG_ENABLE_MODULES = YES;
				CLANG_ENABLE_OBJC_ARC = YES;
				CLANG_WARN_BOOL_CONVERSION = YES;
				CLANG_WARN_CONSTANT_CONVERSION = YES;
				CLANG_WARN_DIRECT_OBJC_ISA_USAGE = YES_ERROR;
				CLANG_WARN_DOCUMENTATION_COMMENTS = YES;
				CLANG_WARN_EMPTY_BODY = YES;
				CLANG_WARN_ENUM_CONVERSION = YES;
				CLANG_WARN_INFINITE_RECURSION = YES;
				CLANG_WARN_INT_CONVERSION = YES;
				CLANG_WARN_OBJC_ROOT_CLASS = YES_ERROR;
				CLANG_WARN_SUSPICIOUS_MOVE = YES;
				CLANG_WARN_UNREACHABLE_CODE = YES;
				CLANG_WARN__DUPLICATE_METHOD_MATCH = YES;
				"CODE_SIGN_IDENTITY[sdk=iphoneos*]" = "iPhone Developer";
				COPY_PHASE_STRIP = NO;
				DEBUG_INFORMATION_FORMAT = "dwarf-with-dsym";
				ENABLE_NS_ASSERTIONS = NO;
				ENABLE_STRICT_OBJC_MSGSEND = YES;
				GCC_C_LANGUAGE_STANDARD = gnu99;
				GCC_NO_COMMON_BLOCKS = YES;
				GCC_WARN_64_TO_32_BIT_CONVERSION = YES;
				GCC_WARN_ABOUT_RETURN_TYPE = YES_ERROR;
				GCC_WARN_UNDECLARED_SELECTOR = YES;
				GCC_WARN_UNINITIALIZED_AUTOS = YES_AGGRESSIVE;
				GCC_WARN_UNUSED_FUNCTION = YES;
				GCC_WARN_UNUSED_VARIABLE = YES;
				IPHONEOS_DEPLOYMENT_TARGET = 10.3;
				MTL_ENABLE_DEBUG_INFO = NO;
				SDKROOT = iphoneos;
				VALIDATE_PRODUCT = YES;
			};
			name = Release;
		};
		CCA647241ECE915500B8F602 /* Debug */ = {
			isa = XCBuildConfiguration;
			buildSettings = {
				ASSETCATALOG_COMPILER_APPICON_NAME = AppIcon;
				DEVELOPMENT_TEAM = 266655SB8D;
				GCC_PRECOMPILE_PREFIX_HEADER = YES;
				GCC_PREFIX_HEADER = "XYProgressHUD/XYProgressHUD-Prefix.pch";
				INFOPLIST_FILE = XYProgressHUD/Info.plist;
				LD_RUNPATH_SEARCH_PATHS = "$(inherited) @executable_path/Frameworks";
				PRODUCT_BUNDLE_IDENTIFIER = com.will.tableView;
				PRODUCT_NAME = "$(TARGET_NAME)";
			};
			name = Debug;
		};
		CCA647251ECE915500B8F602 /* Release */ = {
			isa = XCBuildConfiguration;
			buildSettings = {
				ASSETCATALOG_COMPILER_APPICON_NAME = AppIcon;
				DEVELOPMENT_TEAM = 266655SB8D;
				GCC_PRECOMPILE_PREFIX_HEADER = YES;
				GCC_PREFIX_HEADER = "XYProgressHUD/XYProgressHUD-Prefix.pch";
				INFOPLIST_FILE = XYProgressHUD/Info.plist;
				LD_RUNPATH_SEARCH_PATHS = "$(inherited) @executable_path/Frameworks";
				PRODUCT_BUNDLE_IDENTIFIER = com.will.tableView;
				PRODUCT_NAME = "$(TARGET_NAME)";
			};
			name = Release;
		};
/* End XCBuildConfiguration section */

/* Begin XCConfigurationList section */
		CCA647071ECE915500B8F602 /* Build configuration list for PBXProject "XYProgressHUD" */ = {
			isa = XCConfigurationList;
			buildConfigurations = (
				CCA647211ECE915500B8F602 /* Debug */,
				CCA647221ECE915500B8F602 /* Release */,
			);
			defaultConfigurationIsVisible = 0;
			defaultConfigurationName = Release;
		};
		CCA647231ECE915500B8F602 /* Build configuration list for PBXNativeTarget "XYProgressHUD" */ = {
			isa = XCConfigurationList;
			buildConfigurations = (
				CCA647241ECE915500B8F602 /* Debug */,
				CCA647251ECE915500B8F602 /* Release */,
			);
			defaultConfigurationIsVisible = 0;
			defaultConfigurationName = Release;
		};
/* End XCConfigurationList section */
	};
	rootObject = CCA647041ECE915500B8F602 /* Project object */;
}
